
Microsoft Visual Studio Solution File, Format Version 12.00
# Visual Studio Version 17
VisualStudioVersion = 17.5.33516.290
MinimumVisualStudioVersion = 10.0.40219.1
Project("{FAE04EC0-301F-11D3-BF4B-00C04F79EFBC}") = "projetoICG3", "projetoICG3\projetoICG3.csproj", "{F14C3AD3-6EF5-49F8-816C-5E2A0D574C19}"
EndProject
Global
	GlobalSection(SolutionConfigurationPlatforms) = preSolution
		Debug|Any CPU = Debug|Any CPU
		Release|Any CPU = Release|Any CPU
	EndGlobalSection
	GlobalSection(ProjectConfigurationPlatforms) = postSolution
		{F14C3AD3-6EF5-49F8-816C-5E2A0D574C19}.Debug|Any CPU.ActiveCfg = Debug|Any CPU
		{F14C3AD3-6EF5-49F8-816C-5E2A0D574C19}.Debug|Any CPU.Build.0 = Debug|Any CPU
		{F14C3AD3-6EF5-49F8-816C-5E2A0D574C19}.Release|Any CPU.ActiveCfg = Release|Any CPU
		{F14C3AD3-6EF5-49F8-816C-5E2A0D574C19}.Release|Any CPU.Build.0 = Release|Any CPU
	EndGlobalSection
	GlobalSection(SolutionProperties) = preSolution
		HideSolutionNode = FALSE
	EndGlobalSection
	GlobalSection(ExtensibilityGlobals) = postSolution
		SolutionGuid = {594CED30-B538-46A7-BB62-700A50674A3C}
	EndGlobalSection
EndGlobal
